lockfileVersion: '9.0'

settings:
  autoInstallPeers: true
  excludeLinksFromLockfile: false

importers:

  .:
    dependencies:
      '@qdrant/js-client-rest':
        specifier: ^1.13.0
        version: 1.17.0(typescript@5.9.3)
      '@sinclair/typebox':
        specifier: ^0.34.0
        version: 0.34.48
    devDependencies:
      '@types/node':
        specifier: ^22.0.0
        version: 22.19.15
      typescript:
        specifier: ^5.7.0
        version: 5.9.3

packages:

  '@qdrant/js-client-rest@1.17.0':
    resolution: {integrity: sha512-aZFQeirWVqWAa1a8vJ957LMzcXkFHGbsoRhzc8AkGfg6V0jtK8PlG8/eyyc2xhYsR961FDDx1Tx6nyE0K7lS+A==}
    engines: {node: '>=18.17.0', pnpm: '>=8'}
    peerDependencies:
      typescript: '>=4.7'

  '@qdrant/openapi-typescript-fetch@1.2.6':
    resolution: {integrity: sha512-oQG/FejNpItrxRHoyctYvT3rwGZOnK4jr3JdppO/c78ktDvkWiPXPHNsrDf33K9sZdRb6PR7gi4noIapu5q4HA==}
    engines: {node: '>=18.0.0', pnpm: '>=8'}

  '@sinclair/typebox@0.34.48':
    resolution: {integrity: sha512-kKJTNuK3AQOrgjjotVxMrCn1sUJwM76wMszfq1kdU4uYVJjvEWuFQ6HgvLt4Xz3fSmZlTOxJ/Ie13KnIcWQXFA==}

  '@types/node@22.19.15':
    resolution: {integrity: sha512-F0R/h2+dsy5wJAUe3tAU6oqa2qbWY5TpNfL/RGmo1y38hiyO1w3x2jPtt76wmuaJI4DQnOBu21cNXQ2STIUUWg==}

  typescript@5.9.3:
    resolution: {integrity: sha512-jl1vZzPDinLr9eUt3J/t7V6FgNEw9QjvBPdysz9KfQDD41fQrC2Y4vKQdiaUpFT4bXlb1RHhLpp8wtm6M5TgSw==}
    engines: {node: '>=14.17'}
    hasBin: true

  undici-types@6.21.0:
    resolution: {integrity: sha512-iwDZqg0QAGrg9Rav5H4n0M64c3mkR59cJ6wQp+7C4nI0gsmExaedaYLNO44eT4AtBBwjbTiGPMlt2Md0T9H9JQ==}

  undici@6.24.1:
    resolution: {integrity: sha512-sC+b0tB1whOCzbtlx20fx3WgCXwkW627p4EA9uM+/tNNPkSS+eSEld6pAs9nDv7WbY1UUljBMYPtu9BCOrCWKA==}
    engines: {node: '>=18.17'}

snapshots:

  '@qdrant/js-client-rest@1.17.0(typescript@5.9.3)':
    dependencies:
      '@qdrant/openapi-typescript-fetch': 1.2.6
      typescript: 5.9.3
      undici: 6.24.1

  '@qdrant/openapi-typescript-fetch@1.2.6': {}

  '@sinclair/typebox@0.34.48': {}

  '@types/node@22.19.15':
    dependencies:
      undici-types: 6.21.0

  typescript@5.9.3: {}

  undici-types@6.21.0: {}

  undici@6.24.1: {}
